// !$*UTF8*$!
{
	archiveVersion = 1;
	classes = {
	};
	objectVersion = 55;
	objects = {

/* Begin PBXBuildFile section */
		0CDDF1EE28D1590C0067F85C /* MapMarker.swift in Sources */ = {isa = PBXBuildFile; fileRef = 0CDDF1ED28D1590C0067F85C /* MapMarker.swift */; };
		0CDDF1F128D170620067F85C /* Mountain.swift in Sources */ = {isa = PBXBuildFile; fileRef = 0CDDF1F028D170620067F85C /* Mountain.swift */; };
		0CDDF1F328D1707D0067F85C /* Service.swift in Sources */ = {isa = PBXBuildFile; fileRef = 0CDDF1F228D1707D0067F85C /* Service.swift */; };
		0CDDF1F728D1A8310067F85C /* DeogonPrincess.otf in Resources */ = {isa = PBXBuildFile; fileRef = 0CDDF1F628D1A8220067F85C /* DeogonPrincess.otf */; };
		DAE6DEAA28D150F000BF61FD /* AppDelegate.swift in Sources */ = {isa = PBXBuildFile; fileRef = DAE6DEA928D150F000BF61FD /* AppDelegate.swift */; };
		DAE6DEAC28D150F000BF61FD /* SceneDelegate.swift in Sources */ = {isa = PBXBuildFile; fileRef = DAE6DEAB28D150F000BF61FD /* SceneDelegate.swift */; };
		DAE6DEAE28D150F000BF61FD /* ViewController.swift in Sources */ = {isa = PBXBuildFile; fileRef = DAE6DEAD28D150F000BF61FD /* ViewController.swift */; };
		DAE6DEB128D150F000BF61FD /* Main.storyboard in Resources */ = {isa = PBXBuildFile; fileRef = DAE6DEAF28D150F000BF61FD /* Main.storyboard */; };
		DAE6DEB328D150F300BF61FD /* Assets.xcassets in Resources */ = {isa = PBXBuildFile; fileRef = DAE6DEB228D150F300BF61FD /* Assets.xcassets */; };
		DAE6DEB628D150F300BF61FD /* LaunchScreen.storyboard in Resources */ = {isa = PBXBuildFile; fileRef = DAE6DEB428D150F300BF61FD /* LaunchScreen.storyboard */; };
/* End PBXBuildFile section */

/* Begin PBXFileReference section */
		0CDDF1ED28D1590C0067F85C /* MapMarker.swift */ = {isa = PBXFileReference; lastKnownFileType = sourcecode.swift; path = MapMarker.swift; sourceTree = "<group>"; };
		0CDDF1F028D170620067F85C /* Mountain.swift */ = {isa = PBXFileReference; lastKnownFileType = sourcecode.swift; path = Mountain.swift; sourceTree = "<group>"; };
		0CDDF1F228D1707D0067F85C /* Service.swift */ = {isa = PBXFileReference; lastKnownFileType = sourcecode.swift; path = Service.swift; sourceTree = "<group>"; };
		0CDDF1F628D1A8220067F85C /* DeogonPrincess.otf */ = {isa = PBXFileReference; lastKnownFileType = file; name = DeogonPrincess.otf; path = ../../../../../Downloads/DeogonPrincess_OTF/DeogonPrincess.otf; sourceTree = "<group>"; };
		DAE6DEA628D150F000BF61FD /* Mountain.app */ = {isa = PBXFileReference; explicitFileType = wrapper.application; includeInIndex = 0; path = Mountain.app; sourceTree = BUILT_PRODUCTS_DIR; };
		DAE6DEA928D150F000BF61FD /* AppDelegate.swift */ = {isa = PBXFileReference; lastKnownFileType = sourcecode.swift; path = AppDelegate.swift; sourceTree = "<group>"; };
		DAE6DEAB28D150F000BF61FD /* SceneDelegate.swift */ = {isa = PBXFileReference; lastKnownFileType = sourcecode.swift; path = SceneDelegate.swift; sourceTree = "<group>"; };
		DAE6DEAD28D150F000BF61FD /* ViewController.swift */ = {isa = PBXFileReference; lastKnownFileType = sourcecode.swift; path = ViewController.swift; sourceTree = "<group>"; };
		DAE6DEB028D150F000BF61FD /* Base */ = {isa = PBXFileReference; lastKnownFileType = file.storyboard; name = Base; path = Base.lproj/Main.storyboard; sourceTree = "<group>"; };
		DAE6DEB228D150F300BF61FD /* Assets.xcassets */ = {isa = PBXFileReference; lastKnownFileType = folder.assetcatalog; path = Assets.xcassets; sourceTree = "<group>"; };
		DAE6DEB528D150F300BF61FD /* Base */ = {isa = PBXFileReference; lastKnownFileType = file.storyboard; name = Base; path = Base.lproj/LaunchScreen.storyboard; sourceTree = "<group>"; };
		DAE6DEB728D150F300BF61FD /* Info.plist */ = {isa = PBXFileReference; lastKnownFileType = text.plist.xml; path = Info.plist; sourceTree = "<group>"; };
		DAE6DEEC28D1683600BF61FD /* Mountain.swift */ = {isa = PBXFileReference; lastKnownFileType = sourcecode.swift; path = Mountain.swift; sourceTree = "<group>"; };
/* End PBXFileReference section */

/* Begin PBXFrameworksBuildPhase section */
		DAE6DEA328D150F000BF61FD /* Frameworks */ = {
			isa = PBXFrameworksBuildPhase;
			buildActionMask = 2147483647;
			files = (
			);
			runOnlyForDeploymentPostprocessing = 0;
		};
/* End PBXFrameworksBuildPhase section */

/* Begin PBXGroup section */
		0CDDF1EF28D16FD60067F85C /* Recovered References */ = {
			isa = PBXGroup;
			children = (
				DAE6DEEC28D1683600BF61FD /* Mountain.swift */,
			);
			name = "Recovered References";
			sourceTree = "<group>";
		};
		DAE6DE9D28D150F000BF61FD = {
			isa = PBXGroup;
			children = (
				DAE6DEA828D150F000BF61FD /* Mountain */,
				DAE6DEA728D150F000BF61FD /* Products */,
				0CDDF1EF28D16FD60067F85C /* Recovered References */,
			);
			sourceTree = "<group>";
		};
		DAE6DEA728D150F000BF61FD /* Products */ = {
			isa = PBXGroup;
			children = (
				DAE6DEA628D150F000BF61FD /* Mountain.app */,
			);
			name = Products;
			sourceTree = "<group>";
		};
		DAE6DEA828D150F000BF61FD /* Mountain */ = {
			isa = PBXGroup;
			children = (
				DAE6DEA928D150F000BF61FD /* AppDelegate.swift */,
				DAE6DEAB28D150F000BF61FD /* SceneDelegate.swift */,
				DAE6DEAD28D150F000BF61FD /* ViewController.swift */,
				0CDDF1ED28D1590C0067F85C /* MapMarker.swift */,
				0CDDF1F028D170620067F85C /* Mountain.swift */,
				0CDDF1F228D1707D0067F85C /* Service.swift */,
				DAE6DEAF28D150F000BF61FD /* Main.storyboard */,
				DAE6DEB228D150F300BF61FD /* Assets.xcassets */,
				DAE6DEB428D150F300BF61FD /* LaunchScreen.storyboard */,
				DAE6DEB728D150F300BF61FD /* Info.plist */,
				0CDDF1F628D1A8220067F85C /* DeogonPrincess.otf */,
			);
			path = Mountain;
			sourceTree = "<group>";
		};
/* End PBXGroup section */

/* Begin PBXNativeTarget section */
		DAE6DEA528D150F000BF61FD /* Mountain */ = {
			isa = PBXNativeTarget;
			buildConfigurationList = DAE6DEBA28D150F300BF61FD /* Build configuration list for PBXNativeTarget "Mountain" */;
			buildPhases = (
				DAE6DEA228D150F000BF61FD /* Sources */,
				DAE6DEA328D150F000BF61FD /* Frameworks */,
				DAE6DEA428D150F000BF61FD /* Resources */,
			);
			buildRules = (
			);
			dependencies = (
			);
			name = Mountain;
			productName = Mountain;
			productReference = DAE6DEA628D150F000BF61FD /* Mountain.app */;
			productType = "com.apple.product-type.application";
		};
/* End PBXNativeTarget section */

/* Begin PBXProject section */
		DAE6DE9E28D150F000BF61FD /* Project object */ = {
			isa = PBXProject;
			attributes = {
				BuildIndependentTargetsInParallel = 1;
				LastSwiftUpdateCheck = 1340;
				LastUpgradeCheck = 1340;
				TargetAttributes = {
					DAE6DEA528D150F000BF61FD = {
						CreatedOnToolsVersion = 13.4.1;
					};
				};
			};
			buildConfigurationList = DAE6DEA128D150F000BF61FD /* Build configuration list for PBXProject "Mountain" */;
			compatibilityVersion = "Xcode 13.0";
			developmentRegion = en;
			hasScannedForEncodings = 0;
			knownRegions = (
				en,
				Base,
			);
			mainGroup = DAE6DE9D28D150F000BF61FD;
			productRefGroup = DAE6DEA728D150F000BF61FD /* Products */;
			projectDirPath = "";
			projectRoot = "";
			targets = (
				DAE6DEA528D150F000BF61FD /* Mountain */,
			);
		};
/* End PBXProject section */

/* Begin PBXResourcesBuildPhase section */
		DAE6DEA428D150F000BF61FD /* Resources */ = {
			isa = PBXResourcesBuildPhase;
			buildActionMask = 2147483647;
			files = (
				0CDDF1F728D1A8310067F85C /* DeogonPrincess.otf in Resources */,
				DAE6DEB628D150F300BF61FD /* LaunchScreen.storyboard in Resources */,
				DAE6DEB328D150F300BF61FD /* Assets.xcassets in Resources */,
				DAE6DEB128D150F000BF61FD /* Main.storyboard in Resources */,
			);
			runOnlyForDeploymentPostprocessing = 0;
		};
/* End PBXResourcesBuildPhase section */

/* Begin PBXSourcesBuildPhase section */
		DAE6DEA228D150F000BF61FD /* Sources */ = {
			isa = PBXSourcesBuildPhase;
			buildActionMask = 2147483647;
			files = (
				0CDDF1F328D1707D0067F85C /* Service.swift in Sources */,
				DAE6DEAE28D150F000BF61FD /* ViewController.swift in Sources */,
				DAE6DEAA28D150F000BF61FD /* AppDelegate.swift in Sources */,
				0CDDF1EE28D1590C0067F85C /* MapMarker.swift in Sources */,
				0CDDF1F128D170620067F85C /* Mountain.swift in Sources */,
				DAE6DEAC28D150F000BF61FD /* SceneDelegate.swift in Sources */,
			);
			runOnlyForDeploymentPostprocessing = 0;
		};
/* End PBXSourcesBuildPhase section */

/* Begin PBXVariantGroup section */
		DAE6DEAF28D150F000BF61FD /* Main.storyboard */ = {
			isa = PBXVariantGroup;
			children = (
				DAE6DEB028D150F000BF61FD /* Base */,
			);
			name = Main.storyboard;
			sourceTree = "<group>";
		};
		DAE6DEB428D150F300BF61FD /* LaunchScreen.storyboard */ = {
			isa = PBXVariantGroup;
			children = (
				DAE6DEB528D150F300BF61FD /* Base */,
			);
			name = LaunchScreen.storyboard;
			sourceTree = "<group>";
		};
/* End PBXVariantGroup section */

/* Begin XCBuildConfiguration section */
		DAE6DEB828D150F300BF61FD /* Debug */ = {
			isa = XCBuildConfiguration;
			buildSettings = {
				ALWAYS_SEARCH_USER_PATHS = NO;
				CLANG_ANALYZER_NONNULL = YES;
				CLANG_ANALYZER_NUMBER_OBJECT_CONVERSION = YES_AGGRESSIVE;
				CLANG_CXX_LANGUAGE_STANDARD = "gnu++17";
				CLANG_ENABLE_MODULES = YES;
				CLANG_ENABLE_OBJC_ARC = YES;
				CLANG_ENABLE_OBJC_WEAK = YES;
				CLANG_WARN_BLOCK_CAPTURE_AUTORELEASING = YES;
				CLANG_WARN_BOOL_CONVERSION = YES;
				CLANG_WARN_COMMA = YES;
				CLANG_WARN_CONSTANT_CONVERSION = YES;
				CLANG_WARN_DEPRECATED_OBJC_IMPLEMENTATIONS = YES;
				CLANG_WARN_DIRECT_OBJC_ISA_USAGE = YES_ERROR;
				CLANG_WARN_DOCUMENTATION_COMMENTS = YES;
				CLANG_WARN_EMPTY_BODY = YES;
				CLANG_WARN_ENUM_CONVERSION = YES;
				CLANG_WARN_INFINITE_RECURSION = YES;
				CLANG_WARN_INT_CONVERSION = YES;
				CLANG_WARN_NON_LITERAL_NULL_CONVERSION = YES;
				CLANG_WARN_OBJC_IMPLICIT_RETAIN_SELF = YES;
				CLANG_WARN_OBJC_LITERAL_CONVERSION = YES;
				CLANG_WARN_OBJC_ROOT_CLASS = YES_ERROR;
				CLANG_WARN_QUOTED_INCLUDE_IN_FRAMEWORK_HEADER = YES;
				CLANG_WARN_RANGE_LOOP_ANALYSIS = YES;
				CLANG_WARN_STRICT_PROTOTYPES = YES;
				CLANG_WARN_SUSPICIOUS_MOVE = YES;
				CLANG_WARN_UNGUARDED_AVAILABILITY = YES_AGGRESSIVE;
				CLANG_WARN_UNREACHABLE_CODE = YES;
				CLANG_WARN__DUPLICATE_METHOD_MATCH = YES;
				COPY_PHASE_STRIP = NO;
				DEBUG_INFORMATION_FORMAT = dwarf;
				ENABLE_STRICT_OBJC_MSGSEND = YES;
				ENABLE_TESTABILITY = YES;
				GCC_C_LANGUAGE_STANDARD = gnu11;
				GCC_DYNAMIC_NO_PIC = NO;
				GCC_NO_COMMON_BLOCKS = YES;
				GCC_OPTIMIZATION_LEVEL = 0;
				GCC_PREPROCESSOR_DEFINITIONS = (
					"DEBUG=1",
					"$(inherited)",
				);
				GCC_WARN_64_TO_32_BIT_CONVERSION = YES;
				GCC_WARN_ABOUT_RETURN_TYPE = YES_ERROR;
				GCC_WARN_UNDECLARED_SELECTOR = YES;
				GCC_WARN_UNINITIALIZED_AUTOS = YES_AGGRESSIVE;
				GCC_WARN_UNUSED_FUNCTION = YES;
				GCC_WARN_UNUSED_VARIABLE = YES;
				IPHONEOS_DEPLOYMENT_TARGET = 15.5;
				MTL_ENABLE_DEBUG_INFO = INCLUDE_SOURCE;
				MTL_FAST_MATH = YES;
				ONLY_ACTIVE_ARCH = YES;
				SDKROOT = iphoneos;
				SWIFT_ACTIVE_COMPILATION_CONDITIONS = DEBUG;
				SWIFT_OPTIMIZATION_LEVEL = "-Onone";
			};
			name = Debug;
		};
		DAE6DEB928D150F300BF61FD /* Release */ = {
			isa = XCBuildConfiguration;
			buildSettings = {
				ALWAYS_SEARCH_USER_PATHS = NO;
				CLANG_ANALYZER_NONNULL = YES;
				CLANG_ANALYZER_NUMBER_OBJECT_CONVERSION = YES_AGGRESSIVE;
				CLANG_CXX_LANGUAGE_STANDARD = "gnu++17";
				CLANG_ENABLE_MODULES = YES;
				CLANG_ENABLE_OBJC_ARC = YES;
				CLANG_ENABLE_OBJC_WEAK = YES;
				CLANG_WARN_BLOCK_CAPTURE_AUTORELEASING = YES;
				CLANG_WARN_BOOL_CONVERSION = YES;
				CLANG_WARN_COMMA = YES;
				CLANG_WARN_CONSTANT_CONVERSION = YES;
				CLANG_WARN_DEPRECATED_OBJC_IMPLEMENTATIONS = YES;
				CLANG_WARN_DIRECT_OBJC_ISA_USAGE = YES_ERROR;
				CLANG_WARN_DOCUMENTATION_COMMENTS = YES;
				CLANG_WARN_EMPTY_BODY = YES;
				CLANG_WARN_ENUM_CONVERSION = YES;
				CLANG_WARN_INFINITE_RECURSION = YES;
				CLANG_WARN_INT_CONVERSION = YES;
				CLANG_WARN_NON_LITERAL_NULL_CONVERSION = YES;
				CLANG_WARN_OBJC_IMPLICIT_RETAIN_SELF = YES;
				CLANG_WARN_OBJC_LITERAL_CONVERSION = YES;
				CLANG_WARN_OBJC_ROOT_CLASS = YES_ERROR;
				CLANG_WARN_QUOTED_INCLUDE_IN_FRAMEWORK_HEADER = YES;
				CLANG_WARN_RANGE_LOOP_ANALYSIS = YES;
				CLANG_WARN_STRICT_PROTOTYPES = YES;
				CLANG_WARN_SUSPICIOUS_MOVE = YES;
				CLANG_WARN_UNGUARDED_AVAILABILITY = YES_AGGRESSIVE;
				CLANG_WARN_UNREACHABLE_CODE = YES;
				CLANG_WARN__DUPLICATE_METHOD_MATCH = YES;
				COPY_PHASE_STRIP = NO;
				DEBUG_INFORMATION_FORMAT = "dwarf-with-dsym";
				ENABLE_NS_ASSERTIONS = NO;
				ENABLE_STRICT_OBJC_MSGSEND = YES;
				GCC_C_LANGUAGE_STANDARD = gnu11;
				GCC_NO_COMMON_BLOCKS = YES;
				GCC_WARN_64_TO_32_BIT_CONVERSION = YES;
				GCC_WARN_ABOUT_RETURN_TYPE = YES_ERROR;
				GCC_WARN_UNDECLARED_SELECTOR = YES;
				GCC_WARN_UNINITIALIZED_AUTOS = YES_AGGRESSIVE;
				GCC_WARN_UNUSED_FUNCTION = YES;
				GCC_WARN_UNUSED_VARIABLE = YES;
				IPHONEOS_DEPLOYMENT_TARGET = 15.5;
				MTL_ENABLE_DEBUG_INFO = NO;
				MTL_FAST_MATH = YES;
				SDKROOT = iphoneos;
				SWIFT_COMPILATION_MODE = wholemodule;
				SWIFT_OPTIMIZATION_LEVEL = "-O";
				VALIDATE_PRODUCT = YES;
			};
			name = Release;
		};
		DAE6DEBB28D150F300BF61FD /* Debug */ = {
			isa = XCBuildConfiguration;
			buildSettings = {
				ASSETCATALOG_COMPILER_APPICON_NAME = AppIcon;
				ASSETCATALOG_COMPILER_GLOBAL_ACCENT_COLOR_NAME = AccentColor;
				CODE_SIGN_STYLE = Automatic;
				CURRENT_PROJECT_VERSION = 1;
				GENERATE_INFOPLIST_FILE = YES;
				INFOPLIST_FILE = Mountain/Info.plist;
				INFOPLIST_KEY_UIApplicationSupportsIndirectInputEvents = YES;
				INFOPLIST_KEY_UILaunchStoryboardName = LaunchScreen;
				INFOPLIST_KEY_UIMainStoryboardFile = Main;
				INFOPLIST_KEY_UISupportedInterfaceOrientations_iPad = "UIInterfaceOrientationPortrait UIInterfaceOrientationPortraitUpsideDown UIInterfaceOrientationLandscapeLeft UIInterfaceOrientationLandscapeRight";
				INFOPLIST_KEY_UISupportedInterfaceOrientations_iPhone = "UIInterfaceOrientationPortrait UIInterfaceOrientationLandscapeLeft UIInterfaceOrientationLandscapeRight";
				LD_RUNPATH_SEARCH_PATHS = (
					"$(inherited)",
					"@executable_path/Frameworks",
				);
				MARKETING_VERSION = 1.0;
				PRODUCT_BUNDLE_IDENTIFIER = net.cherrishRed.Mountain;
				PRODUCT_NAME = "$(TARGET_NAME)";
				SWIFT_EMIT_LOC_STRINGS = YES;
				SWIFT_VERSION = 5.0;
				TARGETED_DEVICE_FAMILY = "1,2";
			};
			name = Debug;
		};
		DAE6DEBC28D150F300BF61FD /* Release */ = {
			isa = XCBuildConfiguration;
			buildSettings = {
				ASSETCATALOG_COMPILER_APPICON_NAME = AppIcon;
				ASSETCATALOG_COMPILER_GLOBAL_ACCENT_COLOR_NAME = AccentColor;
				CODE_SIGN_STYLE = Automatic;
				CURRENT_PROJECT_VERSION = 1;
				GENERATE_INFOPLIST_FILE = YES;
				INFOPLIST_FILE = Mountain/Info.plist;
				INFOPLIST_KEY_UIApplicationSupportsIndirectInputEvents = YES;
				INFOPLIST_KEY_UILaunchStoryboardName = LaunchScreen;
				INFOPLIST_KEY_UIMainStoryboardFile = Main;
				INFOPLIST_KEY_UISupportedInterfaceOrientations_iPad = "UIInterfaceOrientationPortrait UIInterfaceOrientationPortraitUpsideDown UIInterfaceOrientationLandscapeLeft UIInterfaceOrientationLandscapeRight";
				INFOPLIST_KEY_UISupportedInterfaceOrientations_iPhone = "UIInterfaceOrientationPortrait UIInterfaceOrientationLandscapeLeft UIInterfaceOrientationLandscapeRight";
				LD_RUNPATH_SEARCH_PATHS = (
					"$(inherited)",
					"@executable_path/Frameworks",
				);
				MARKETING_VERSION = 1.0;
				PRODUCT_BUNDLE_IDENTIFIER = net.cherrishRed.Mountain;
				PRODUCT_NAME = "$(TARGET_NAME)";
				SWIFT_EMIT_LOC_STRINGS = YES;
				SWIFT_VERSION = 5.0;
				TARGETED_DEVICE_FAMILY = "1,2";
			};
			name = Release;
		};
/* End XCBuildConfiguration section */

/* Begin XCConfigurationList section */
		DAE6DEA128D150F000BF61FD /* Build configuration list for PBXProject "Mountain" */ = {
			isa = XCConfigurationList;
			buildConfigurations = (
				DAE6DEB828D150F300BF61FD /* Debug */,
				DAE6DEB928D150F300BF61FD /* Release */,
			);
			defaultConfigurationIsVisible = 0;
			defaultConfigurationName = Release;
		};
		DAE6DEBA28D150F300BF61FD /* Build configuration list for PBXNativeTarget "Mountain" */ = {
			isa = XCConfigurationList;
			buildConfigurations = (
				DAE6DEBB28D150F300BF61FD /* Debug */,
				DAE6DEBC28D150F300BF61FD /* Release */,
			);
			defaultConfigurationIsVisible = 0;
			defaultConfigurationName = Release;
		};
/* End XCConfigurationList section */
	};
	rootObject = DAE6DE9E28D150F000BF61FD /* Project object */;
}
